// !$*UTF8*$!
{
	archiveVersion = 1;
	classes = {
	};
	objectVersion = 56;
	objects = {

/* Begin PBXBuildFile section */
		231FD61D2A2603AE0081896E /* CreateRecipeView.swift in Sources */ = {isa = PBXBuildFile; fileRef = 231FD61C2A2603AE0081896E /* CreateRecipeView.swift */; };
		232EEAA12A24497B004B0636 /* AmazingRecipesApp.swift in Sources */ = {isa = PBXBuildFile; fileRef = 232EEAA02A24497B004B0636 /* AmazingRecipesApp.swift */; };
		232EEAA32A24497B004B0636 /* RecipesListView.swift in Sources */ = {isa = PBXBuildFile; fileRef = 232EEAA22A24497B004B0636 /* RecipesListView.swift */; };
		232EEAA52A24497F004B0636 /* Assets.xcassets in Resources */ = {isa = PBXBuildFile; fileRef = 232EEAA42A24497F004B0636 /* Assets.xcassets */; };
		232EEAA82A24497F004B0636 /* Preview Assets.xcassets in Resources */ = {isa = PBXBuildFile; fileRef = 232EEAA72A24497F004B0636 /* Preview Assets.xcassets */; };
		232EEAAA2A24497F004B0636 /* Persistence.swift in Sources */ = {isa = PBXBuildFile; fileRef = 232EEAA92A24497F004B0636 /* Persistence.swift */; };
		232EEAAD2A24497F004B0636 /* AmazingRecipes.xcdatamodeld in Sources */ = {isa = PBXBuildFile; fileRef = 232EEAAB2A24497F004B0636 /* AmazingRecipes.xcdatamodeld */; };
		234E98662A27560400BA91D7 /* RecipeInfoView.swift in Sources */ = {isa = PBXBuildFile; fileRef = 234E98652A27560400BA91D7 /* RecipeInfoView.swift */; };
		23B0D50A2A28687C001869B0 /* EditRecipeView.swift in Sources */ = {isa = PBXBuildFile; fileRef = 23B0D5092A28687C001869B0 /* EditRecipeView.swift */; };
		23B0D50D2A287163001869B0 /* ImagePickerView.swift in Sources */ = {isa = PBXBuildFile; fileRef = 23B0D50C2A287163001869B0 /* ImagePickerView.swift */; };
/* End PBXBuildFile section */

/* Begin PBXFileReference section */
		231FD61C2A2603AE0081896E /* CreateRecipeView.swift */ = {isa = PBXFileReference; lastKnownFileType = sourcecode.swift; path = CreateRecipeView.swift; sourceTree = "<group>"; };
		232EEA9D2A24497B004B0636 /* AmazingRecipes.app */ = {isa = PBXFileReference; explicitFileType = wrapper.application; includeInIndex = 0; path = AmazingRecipes.app; sourceTree = BUILT_PRODUCTS_DIR; };
		232EEAA02A24497B004B0636 /* AmazingRecipesApp.swift */ = {isa = PBXFileReference; lastKnownFileType = sourcecode.swift; path = AmazingRecipesApp.swift; sourceTree = "<group>"; };
		232EEAA22A24497B004B0636 /* RecipesListView.swift */ = {isa = PBXFileReference; lastKnownFileType = sourcecode.swift; path = RecipesListView.swift; sourceTree = "<group>"; };
		232EEAA42A24497F004B0636 /* Assets.xcassets */ = {isa = PBXFileReference; lastKnownFileType = folder.assetcatalog; path = Assets.xcassets; sourceTree = "<group>"; };
		232EEAA72A24497F004B0636 /* Preview Assets.xcassets */ = {isa = PBXFileReference; lastKnownFileType = folder.assetcatalog; path = "Preview Assets.xcassets"; sourceTree = "<group>"; };
		232EEAA92A24497F004B0636 /* Persistence.swift */ = {isa = PBXFileReference; lastKnownFileType = sourcecode.swift; path = Persistence.swift; sourceTree = "<group>"; };
		232EEAAC2A24497F004B0636 /* AmazingRecipes.xcdatamodel */ = {isa = PBXFileReference; lastKnownFileType = wrapper.xcdatamodel; path = AmazingRecipes.xcdatamodel; sourceTree = "<group>"; };
		234E98652A27560400BA91D7 /* RecipeInfoView.swift */ = {isa = PBXFileReference; lastKnownFileType = sourcecode.swift; path = RecipeInfoView.swift; sourceTree = "<group>"; };
		23B0D5092A28687C001869B0 /* EditRecipeView.swift */ = {isa = PBXFileReference; lastKnownFileType = sourcecode.swift; path = EditRecipeView.swift; sourceTree = "<group>"; };
		23B0D50C2A287163001869B0 /* ImagePickerView.swift */ = {isa = PBXFileReference; lastKnownFileType = sourcecode.swift; path = ImagePickerView.swift; sourceTree = "<group>"; };
/* End PBXFileReference section */

/* Begin PBXFrameworksBuildPhase section */
		232EEA9A2A24497B004B0636 /* Frameworks */ = {
			isa = PBXFrameworksBuildPhase;
			buildActionMask = 2147483647;
			files = (
			);
			runOnlyForDeploymentPostprocessing = 0;
		};
/* End PBXFrameworksBuildPhase section */

/* Begin PBXGroup section */
		231FD6182A25FEF40081896E /* AppCore */ = {
			isa = PBXGroup;
			children = (
				232EEAA02A24497B004B0636 /* AmazingRecipesApp.swift */,
			);
			path = AppCore;
			sourceTree = "<group>";
		};
		231FD6192A25FF000081896E /* RecipesList */ = {
			isa = PBXGroup;
			children = (
				232EEAA22A24497B004B0636 /* RecipesListView.swift */,
			);
			path = RecipesList;
			sourceTree = "<group>";
		};
		231FD61A2A25FF130081896E /* Persistence */ = {
			isa = PBXGroup;
			children = (
				232EEAA92A24497F004B0636 /* Persistence.swift */,
				232EEAAB2A24497F004B0636 /* AmazingRecipes.xcdatamodeld */,
			);
			path = Persistence;
			sourceTree = "<group>";
		};
		231FD61B2A2603810081896E /* CreateRecipe */ = {
			isa = PBXGroup;
			children = (
				231FD61C2A2603AE0081896E /* CreateRecipeView.swift */,
			);
			path = CreateRecipe;
			sourceTree = "<group>";
		};
		232EEA942A24497B004B0636 = {
			isa = PBXGroup;
			children = (
				232EEA9F2A24497B004B0636 /* AmazingRecipes */,
				232EEA9E2A24497B004B0636 /* Products */,
			);
			sourceTree = "<group>";
		};
		232EEA9E2A24497B004B0636 /* Products */ = {
			isa = PBXGroup;
			children = (
				232EEA9D2A24497B004B0636 /* AmazingRecipes.app */,
			);
			name = Products;
			sourceTree = "<group>";
		};
		232EEA9F2A24497B004B0636 /* AmazingRecipes */ = {
			isa = PBXGroup;
			children = (
				23B0D50B2A287152001869B0 /* ImagePicker */,
				23B0D5082A286865001869B0 /* EditRecipe */,
				234E98642A27556A00BA91D7 /* RecipeInfos */,
				231FD61B2A2603810081896E /* CreateRecipe */,
				231FD61A2A25FF130081896E /* Persistence */,
				231FD6192A25FF000081896E /* RecipesList */,
				231FD6182A25FEF40081896E /* AppCore */,
				232EEAA42A24497F004B0636 /* Assets.xcassets */,
				232EEAA62A24497F004B0636 /* Preview Content */,
			);
			path = AmazingRecipes;
			sourceTree = "<group>";
		};
		232EEAA62A24497F004B0636 /* Preview Content */ = {
			isa = PBXGroup;
			children = (
				232EEAA72A24497F004B0636 /* Preview Assets.xcassets */,
			);
			path = "Preview Content";
			sourceTree = "<group>";
		};
		234E98642A27556A00BA91D7 /* RecipeInfos */ = {
			isa = PBXGroup;
			children = (
				234E98652A27560400BA91D7 /* RecipeInfoView.swift */,
			);
			path = RecipeInfos;
			sourceTree = "<group>";
		};
		23B0D5082A286865001869B0 /* EditRecipe */ = {
			isa = PBXGroup;
			children = (
				23B0D5092A28687C001869B0 /* EditRecipeView.swift */,
			);
			path = EditRecipe;
			sourceTree = "<group>";
		};
		23B0D50B2A287152001869B0 /* ImagePicker */ = {
			isa = PBXGroup;
			children = (
				23B0D50C2A287163001869B0 /* ImagePickerView.swift */,
			);
			path = ImagePicker;
			sourceTree = "<group>";
		};
/* End PBXGroup section */

/* Begin PBXNativeTarget section */
		232EEA9C2A24497B004B0636 /* AmazingRecipes */ = {
			isa = PBXNativeTarget;
			buildConfigurationList = 232EEAB02A24497F004B0636 /* Build configuration list for PBXNativeTarget "AmazingRecipes" */;
			buildPhases = (
				232EEA992A24497B004B0636 /* Sources */,
				232EEA9A2A24497B004B0636 /* Frameworks */,
				232EEA9B2A24497B004B0636 /* Resources */,
			);
			buildRules = (
			);
			dependencies = (
			);
			name = AmazingRecipes;
			productName = AmazingRecipes;
			productReference = 232EEA9D2A24497B004B0636 /* AmazingRecipes.app */;
			productType = "com.apple.product-type.application";
		};
/* End PBXNativeTarget section */

/* Begin PBXProject section */
		232EEA952A24497B004B0636 /* Project object */ = {
			isa = PBXProject;
			attributes = {
				BuildIndependentTargetsInParallel = 1;
				LastSwiftUpdateCheck = 1430;
				LastUpgradeCheck = 1430;
				TargetAttributes = {
					232EEA9C2A24497B004B0636 = {
						CreatedOnToolsVersion = 14.3;
					};
				};
			};
			buildConfigurationList = 232EEA982A24497B004B0636 /* Build configuration list for PBXProject "AmazingRecipes" */;
			compatibilityVersion = "Xcode 14.0";
			developmentRegion = en;
			hasScannedForEncodings = 0;
			knownRegions = (
				en,
				Base,
			);
			mainGroup = 232EEA942A24497B004B0636;
			productRefGroup = 232EEA9E2A24497B004B0636 /* Products */;
			projectDirPath = "";
			projectRoot = "";
			targets = (
				232EEA9C2A24497B004B0636 /* AmazingRecipes */,
			);
		};
/* End PBXProject section */

/* Begin PBXResourcesBuildPhase section */
		232EEA9B2A24497B004B0636 /* Resources */ = {
			isa = PBXResourcesBuildPhase;
			buildActionMask = 2147483647;
			files = (
				232EEAA82A24497F004B0636 /* Preview Assets.xcassets in Resources */,
				232EEAA52A24497F004B0636 /* Assets.xcassets in Resources */,
			);
			runOnlyForDeploymentPostprocessing = 0;
		};
/* End PBXResourcesBuildPhase section */

/* Begin PBXSourcesBuildPhase section */
		232EEA992A24497B004B0636 /* Sources */ = {
			isa = PBXSourcesBuildPhase;
			buildActionMask = 2147483647;
			files = (
				234E98662A27560400BA91D7 /* RecipeInfoView.swift in Sources */,
				231FD61D2A2603AE0081896E /* CreateRecipeView.swift in Sources */,
				232EEAAA2A24497F004B0636 /* Persistence.swift in Sources */,
				232EEAAD2A24497F004B0636 /* AmazingRecipes.xcdatamodeld in Sources */,
				232EEAA32A24497B004B0636 /* RecipesListView.swift in Sources */,
				23B0D50D2A287163001869B0 /* ImagePickerView.swift in Sources */,
				232EEAA12A24497B004B0636 /* AmazingRecipesApp.swift in Sources */,
				23B0D50A2A28687C001869B0 /* EditRecipeView.swift in Sources */,
			);
			runOnlyForDeploymentPostprocessing = 0;
		};
/* End PBXSourcesBuildPhase section */

/* Begin XCBuildConfiguration section */
		232EEAAE2A24497F004B0636 /* Debug */ = {
			isa = XCBuildConfiguration;
			buildSettings = {
				ALWAYS_SEARCH_USER_PATHS = NO;
				CLANG_ANALYZER_NONNULL = YES;
				CLANG_ANALYZER_NUMBER_OBJECT_CONVERSION = YES_AGGRESSIVE;
				CLANG_CXX_LANGUAGE_STANDARD = "gnu++20";
				CLANG_ENABLE_MODULES = YES;
				CLANG_ENABLE_OBJC_ARC = YES;
				CLANG_ENABLE_OBJC_WEAK = YES;
				CLANG_WARN_BLOCK_CAPTURE_AUTORELEASING = YES;
				CLANG_WARN_BOOL_CONVERSION = YES;
				CLANG_WARN_COMMA = YES;
				CLANG_WARN_CONSTANT_CONVERSION = YES;
				CLANG_WARN_DEPRECATED_OBJC_IMPLEMENTATIONS = YES;
				CLANG_WARN_DIRECT_OBJC_ISA_USAGE = YES_ERROR;
				CLANG_WARN_DOCUMENTATION_COMMENTS = YES;
				CLANG_WARN_EMPTY_BODY = YES;
				CLANG_WARN_ENUM_CONVERSION = YES;
				CLANG_WARN_INFINITE_RECURSION = YES;
				CLANG_WARN_INT_CONVERSION = YES;
				CLANG_WARN_NON_LITERAL_NULL_CONVERSION = YES;
				CLANG_WARN_OBJC_IMPLICIT_RETAIN_SELF = YES;
				CLANG_WARN_OBJC_LITERAL_CONVERSION = YES;
				CLANG_WARN_OBJC_ROOT_CLASS = YES_ERROR;
				CLANG_WARN_QUOTED_INCLUDE_IN_FRAMEWORK_HEADER = YES;
				CLANG_WARN_RANGE_LOOP_ANALYSIS = YES;
				CLANG_WARN_STRICT_PROTOTYPES = YES;
				CLANG_WARN_SUSPICIOUS_MOVE = YES;
				CLANG_WARN_UNGUARDED_AVAILABILITY = YES_AGGRESSIVE;
				CLANG_WARN_UNREACHABLE_CODE = YES;
				CLANG_WARN__DUPLICATE_METHOD_MATCH = YES;
				COPY_PHASE_STRIP = NO;
				DEBUG_INFORMATION_FORMAT = dwarf;
				ENABLE_STRICT_OBJC_MSGSEND = YES;
				ENABLE_TESTABILITY = YES;
				GCC_C_LANGUAGE_STANDARD = gnu11;
				GCC_DYNAMIC_NO_PIC = NO;
				GCC_NO_COMMON_BLOCKS = YES;
				GCC_OPTIMIZATION_LEVEL = 0;
				GCC_PREPROCESSOR_DEFINITIONS = (
					"DEBUG=1",
					"$(inherited)",
				);
				GCC_WARN_64_TO_32_BIT_CONVERSION = YES;
				GCC_WARN_ABOUT_RETURN_TYPE = YES_ERROR;
				GCC_WARN_UNDECLARED_SELECTOR = YES;
				GCC_WARN_UNINITIALIZED_AUTOS = YES_AGGRESSIVE;
				GCC_WARN_UNUSED_FUNCTION = YES;
				GCC_WARN_UNUSED_VARIABLE = YES;
				IPHONEOS_DEPLOYMENT_TARGET = 16.4;
				MTL_ENABLE_DEBUG_INFO = INCLUDE_SOURCE;
				MTL_FAST_MATH = YES;
				ONLY_ACTIVE_ARCH = YES;
				SDKROOT = iphoneos;
				SWIFT_ACTIVE_COMPILATION_CONDITIONS = DEBUG;
				SWIFT_OPTIMIZATION_LEVEL = "-Onone";
			};
			name = Debug;
		};
		232EEAAF2A24497F004B0636 /* Release */ = {
			isa = XCBuildConfiguration;
			buildSettings = {
				ALWAYS_SEARCH_USER_PATHS = NO;
				CLANG_ANALYZER_NONNULL = YES;
				CLANG_ANALYZER_NUMBER_OBJECT_CONVERSION = YES_AGGRESSIVE;
				CLANG_CXX_LANGUAGE_STANDARD = "gnu++20";
				CLANG_ENABLE_MODULES = YES;
				CLANG_ENABLE_OBJC_ARC = YES;
				CLANG_ENABLE_OBJC_WEAK = YES;
				CLANG_WARN_BLOCK_CAPTURE_AUTORELEASING = YES;
				CLANG_WARN_BOOL_CONVERSION = YES;
				CLANG_WARN_COMMA = YES;
				CLANG_WARN_CONSTANT_CONVERSION = YES;
				CLANG_WARN_DEPRECATED_OBJC_IMPLEMENTATIONS = YES;
				CLANG_WARN_DIRECT_OBJC_ISA_USAGE = YES_ERROR;
				CLANG_WARN_DOCUMENTATION_COMMENTS = YES;
				CLANG_WARN_EMPTY_BODY = YES;
				CLANG_WARN_ENUM_CONVERSION = YES;
				CLANG_WARN_INFINITE_RECURSION = YES;
				CLANG_WARN_INT_CONVERSION = YES;
				CLANG_WARN_NON_LITERAL_NULL_CONVERSION = YES;
				CLANG_WARN_OBJC_IMPLICIT_RETAIN_SELF = YES;
				CLANG_WARN_OBJC_LITERAL_CONVERSION = YES;
				CLANG_WARN_OBJC_ROOT_CLASS = YES_ERROR;
				CLANG_WARN_QUOTED_INCLUDE_IN_FRAMEWORK_HEADER = YES;
				CLANG_WARN_RANGE_LOOP_ANALYSIS = YES;
				CLANG_WARN_STRICT_PROTOTYPES = YES;
				CLANG_WARN_SUSPICIOUS_MOVE = YES;
				CLANG_WARN_UNGUARDED_AVAILABILITY = YES_AGGRESSIVE;
				CLANG_WARN_UNREACHABLE_CODE = YES;
				CLANG_WARN__DUPLICATE_METHOD_MATCH = YES;
				COPY_PHASE_STRIP = NO;
				DEBUG_INFORMATION_FORMAT = "dwarf-with-dsym";
				ENABLE_NS_ASSERTIONS = NO;
				ENABLE_STRICT_OBJC_MSGSEND = YES;
				GCC_C_LANGUAGE_STANDARD = gnu11;
				GCC_NO_COMMON_BLOCKS = YES;
				GCC_WARN_64_TO_32_BIT_CONVERSION = YES;
				GCC_WARN_ABOUT_RETURN_TYPE = YES_ERROR;
				GCC_WARN_UNDECLARED_SELECTOR = YES;
				GCC_WARN_UNINITIALIZED_AUTOS = YES_AGGRESSIVE;
				GCC_WARN_UNUSED_FUNCTION = YES;
				GCC_WARN_UNUSED_VARIABLE = YES;
				IPHONEOS_DEPLOYMENT_TARGET = 16.4;
				MTL_ENABLE_DEBUG_INFO = NO;
				MTL_FAST_MATH = YES;
				SDKROOT = iphoneos;
				SWIFT_COMPILATION_MODE = wholemodule;
				SWIFT_OPTIMIZATION_LEVEL = "-O";
				VALIDATE_PRODUCT = YES;
			};
			name = Release;
		};
		232EEAB12A24497F004B0636 /* Debug */ = {
			isa = XCBuildConfiguration;
			buildSettings = {
				ASSETCATALOG_COMPILER_APPICON_NAME = AppIcon;
				ASSETCATALOG_COMPILER_GLOBAL_ACCENT_COLOR_NAME = AccentColor;
				CODE_SIGN_STYLE = Automatic;
				CURRENT_PROJECT_VERSION = 1;
				DEVELOPMENT_ASSET_PATHS = "\"AmazingRecipes/Preview Content\"";
				DEVELOPMENT_TEAM = 272983AP33;
				ENABLE_PREVIEWS = YES;
				GENERATE_INFOPLIST_FILE = YES;
				INFOPLIST_KEY_UIApplicationSceneManifest_Generation = YES;
				INFOPLIST_KEY_UIApplicationSupportsIndirectInputEvents = YES;
				INFOPLIST_KEY_UILaunchScreen_Generation = YES;
				INFOPLIST_KEY_UISupportedInterfaceOrientations_iPad = "UIInterfaceOrientationPortrait UIInterfaceOrientationPortraitUpsideDown UIInterfaceOrientationLandscapeLeft UIInterfaceOrientationLandscapeRight";
				INFOPLIST_KEY_UISupportedInterfaceOrientations_iPhone = "UIInterfaceOrientationPortrait UIInterfaceOrientationLandscapeLeft UIInterfaceOrientationLandscapeRight";
				LD_RUNPATH_SEARCH_PATHS = (
					"$(inherited)",
					"@executable_path/Frameworks",
				);
				MARKETING_VERSION = 1.0;
				PRODUCT_BUNDLE_IDENTIFIER = com.igorsilva.AmazingRecipes;
				PRODUCT_NAME = "$(TARGET_NAME)";
				SWIFT_EMIT_LOC_STRINGS = YES;
				SWIFT_VERSION = 5.0;
				TARGETED_DEVICE_FAMILY = "1,2";
			};
			name = Debug;
		};
		232EEAB22A24497F004B0636 /* Release */ = {
			isa = XCBuildConfiguration;
			buildSettings = {
				ASSETCATALOG_COMPILER_APPICON_NAME = AppIcon;
				ASSETCATALOG_COMPILER_GLOBAL_ACCENT_COLOR_NAME = AccentColor;
				CODE_SIGN_STYLE = Automatic;
				CURRENT_PROJECT_VERSION = 1;
				DEVELOPMENT_ASSET_PATHS = "\"AmazingRecipes/Preview Content\"";
				DEVELOPMENT_TEAM = 272983AP33;
				ENABLE_PREVIEWS = YES;
				GENERATE_INFOPLIST_FILE = YES;
				INFOPLIST_KEY_UIApplicationSceneManifest_Generation = YES;
				INFOPLIST_KEY_UIApplicationSupportsIndirectInputEvents = YES;
				INFOPLIST_KEY_UILaunchScreen_Generation = YES;
				INFOPLIST_KEY_UISupportedInterfaceOrientations_iPad = "UIInterfaceOrientationPortrait UIInterfaceOrientationPortraitUpsideDown UIInterfaceOrientationLandscapeLeft UIInterfaceOrientationLandscapeRight";
				INFOPLIST_KEY_UISupportedInterfaceOrientations_iPhone = "UIInterfaceOrientationPortrait UIInterfaceOrientationLandscapeLeft UIInterfaceOrientationLandscapeRight";
				LD_RUNPATH_SEARCH_PATHS = (
					"$(inherited)",
					"@executable_path/Frameworks",
				);
				MARKETING_VERSION = 1.0;
				PRODUCT_BUNDLE_IDENTIFIER = com.igorsilva.AmazingRecipes;
				PRODUCT_NAME = "$(TARGET_NAME)";
				SWIFT_EMIT_LOC_STRINGS = YES;
				SWIFT_VERSION = 5.0;
				TARGETED_DEVICE_FAMILY = "1,2";
			};
			name = Release;
		};
/* End XCBuildConfiguration section */

/* Begin XCConfigurationList section */
		232EEA982A24497B004B0636 /* Build configuration list for PBXProject "AmazingRecipes" */ = {
			isa = XCConfigurationList;
			buildConfigurations = (
				232EEAAE2A24497F004B0636 /* Debug */,
				232EEAAF2A24497F004B0636 /* Release */,
			);
			defaultConfigurationIsVisible = 0;
			defaultConfigurationName = Release;
		};
		232EEAB02A24497F004B0636 /* Build configuration list for PBXNativeTarget "AmazingRecipes" */ = {
			isa = XCConfigurationList;
			buildConfigurations = (
				232EEAB12A24497F004B0636 /* Debug */,
				232EEAB22A24497F004B0636 /* Release */,
			);
			defaultConfigurationIsVisible = 0;
			defaultConfigurationName = Release;
		};
/* End XCConfigurationList section */

/* Begin XCVersionGroup section */
		232EEAAB2A24497F004B0636 /* AmazingRecipes.xcdatamodeld */ = {
			isa = XCVersionGroup;
			children = (
				232EEAAC2A24497F004B0636 /* AmazingRecipes.xcdatamodel */,
			);
			currentVersion = 232EEAAC2A24497F004B0636 /* AmazingRecipes.xcdatamodel */;
			path = AmazingRecipes.xcdatamodeld;
			sourceTree = "<group>";
			versionGroupType = wrapper.xcdatamodel;
		};
/* End XCVersionGroup section */
	};
	rootObject = 232EEA952A24497B004B0636 /* Project object */;
}
